// !$*UTF8*$!
{
	archiveVersion = 1;
	classes = {
	};
	objectVersion = 56;
	objects = {

/* Begin PBXBuildFile section */
		17A7323A29F2D04800E2CD1F /* AppDelegate.swift in Sources */ = {isa = PBXBuildFile; fileRef = 17A7323929F2D04800E2CD1F /* AppDelegate.swift */; };
		17A7323C29F2D04800E2CD1F /* SceneDelegate.swift in Sources */ = {isa = PBXBuildFile; fileRef = 17A7323B29F2D04800E2CD1F /* SceneDelegate.swift */; };
		17A7324129F2D04800E2CD1F /* Main.storyboard in Resources */ = {isa = PBXBuildFile; fileRef = 17A7323F29F2D04800E2CD1F /* Main.storyboard */; };
		17A7324329F2D04900E2CD1F /* Assets.xcassets in Resources */ = {isa = PBXBuildFile; fileRef = 17A7324229F2D04900E2CD1F /* Assets.xcassets */; };
		17A7324629F2D04900E2CD1F /* LaunchScreen.storyboard in Resources */ = {isa = PBXBuildFile; fileRef = 17A7324429F2D04900E2CD1F /* LaunchScreen.storyboard */; };
		17A7325029F2D54400E2CD1F /* Debtor.swift in Sources */ = {isa = PBXBuildFile; fileRef = 17A7324F29F2D54400E2CD1F /* Debtor.swift */; };
		17A7325629F2E01500E2CD1F /* Interest.swift in Sources */ = {isa = PBXBuildFile; fileRef = 17A7325529F2E01500E2CD1F /* Interest.swift */; };
		17A7325929F2E16500E2CD1F /* HomeScreenTableViewCell.swift in Sources */ = {isa = PBXBuildFile; fileRef = 17A7325829F2E16500E2CD1F /* HomeScreenTableViewCell.swift */; };
		17A7325B29F2E18600E2CD1F /* HomeScreenTableViewController.swift in Sources */ = {isa = PBXBuildFile; fileRef = 17A7325A29F2E18600E2CD1F /* HomeScreenTableViewController.swift */; };
		17A7325D29F3210800E2CD1F /* AddEditCellTableViewController.swift in Sources */ = {isa = PBXBuildFile; fileRef = 17A7325C29F3210800E2CD1F /* AddEditCellTableViewController.swift */; };
/* End PBXBuildFile section */

/* Begin PBXFileReference section */
		17A7323629F2D04800E2CD1F /* DebtList.app */ = {isa = PBXFileReference; explicitFileType = wrapper.application; includeInIndex = 0; path = DebtList.app; sourceTree = BUILT_PRODUCTS_DIR; };
		17A7323929F2D04800E2CD1F /* AppDelegate.swift */ = {isa = PBXFileReference; lastKnownFileType = sourcecode.swift; path = AppDelegate.swift; sourceTree = "<group>"; };
		17A7323B29F2D04800E2CD1F /* SceneDelegate.swift */ = {isa = PBXFileReference; lastKnownFileType = sourcecode.swift; path = SceneDelegate.swift; sourceTree = "<group>"; };
		17A7324029F2D04800E2CD1F /* Base */ = {isa = PBXFileReference; lastKnownFileType = file.storyboard; name = Base; path = Base.lproj/Main.storyboard; sourceTree = "<group>"; };
		17A7324229F2D04900E2CD1F /* Assets.xcassets */ = {isa = PBXFileReference; lastKnownFileType = folder.assetcatalog; path = Assets.xcassets; sourceTree = "<group>"; };
		17A7324529F2D04900E2CD1F /* Base */ = {isa = PBXFileReference; lastKnownFileType = file.storyboard; name = Base; path = Base.lproj/LaunchScreen.storyboard; sourceTree = "<group>"; };
		17A7324729F2D04900E2CD1F /* Info.plist */ = {isa = PBXFileReference; lastKnownFileType = text.plist.xml; path = Info.plist; sourceTree = "<group>"; };
		17A7324F29F2D54400E2CD1F /* Debtor.swift */ = {isa = PBXFileReference; lastKnownFileType = sourcecode.swift; path = Debtor.swift; sourceTree = "<group>"; };
		17A7325529F2E01500E2CD1F /* Interest.swift */ = {isa = PBXFileReference; lastKnownFileType = sourcecode.swift; path = Interest.swift; sourceTree = "<group>"; };
		17A7325829F2E16500E2CD1F /* HomeScreenTableViewCell.swift */ = {isa = PBXFileReference; lastKnownFileType = sourcecode.swift; path = HomeScreenTableViewCell.swift; sourceTree = "<group>"; };
		17A7325A29F2E18600E2CD1F /* HomeScreenTableViewController.swift */ = {isa = PBXFileReference; lastKnownFileType = sourcecode.swift; path = HomeScreenTableViewController.swift; sourceTree = "<group>"; };
		17A7325C29F3210800E2CD1F /* AddEditCellTableViewController.swift */ = {isa = PBXFileReference; lastKnownFileType = sourcecode.swift; path = AddEditCellTableViewController.swift; sourceTree = "<group>"; };
/* End PBXFileReference section */

/* Begin PBXFrameworksBuildPhase section */
		17A7323329F2D04800E2CD1F /* Frameworks */ = {
			isa = PBXFrameworksBuildPhase;
			buildActionMask = 2147483647;
			files = (
			);
			runOnlyForDeploymentPostprocessing = 0;
		};
/* End PBXFrameworksBuildPhase section */

/* Begin PBXGroup section */
		17A7322D29F2D04800E2CD1F = {
			isa = PBXGroup;
			children = (
				17A7323829F2D04800E2CD1F /* DebtList */,
				17A7323729F2D04800E2CD1F /* Products */,
			);
			sourceTree = "<group>";
		};
		17A7323729F2D04800E2CD1F /* Products */ = {
			isa = PBXGroup;
			children = (
				17A7323629F2D04800E2CD1F /* DebtList.app */,
			);
			name = Products;
			sourceTree = "<group>";
		};
		17A7323829F2D04800E2CD1F /* DebtList */ = {
			isa = PBXGroup;
			children = (
				17A7323929F2D04800E2CD1F /* AppDelegate.swift */,
				17A7323B29F2D04800E2CD1F /* SceneDelegate.swift */,
				17A7323F29F2D04800E2CD1F /* Main.storyboard */,
				17A7324D29F2D08100E2CD1F /* Modal */,
				17A7325729F2E0E800E2CD1F /* View */,
				17A7324E29F2D08800E2CD1F /* Controller */,
				17A7324229F2D04900E2CD1F /* Assets.xcassets */,
				17A7324429F2D04900E2CD1F /* LaunchScreen.storyboard */,
				17A7324729F2D04900E2CD1F /* Info.plist */,
			);
			path = DebtList;
			sourceTree = "<group>";
		};
		17A7324D29F2D08100E2CD1F /* Modal */ = {
			isa = PBXGroup;
			children = (
				17A7324F29F2D54400E2CD1F /* Debtor.swift */,
				17A7325529F2E01500E2CD1F /* Interest.swift */,
			);
			path = Modal;
			sourceTree = "<group>";
		};
		17A7324E29F2D08800E2CD1F /* Controller */ = {
			isa = PBXGroup;
			children = (
				17A7325A29F2E18600E2CD1F /* HomeScreenTableViewController.swift */,
				17A7325C29F3210800E2CD1F /* AddEditCellTableViewController.swift */,
			);
			path = Controller;
			sourceTree = "<group>";
		};
		17A7325729F2E0E800E2CD1F /* View */ = {
			isa = PBXGroup;
			children = (
				17A7325829F2E16500E2CD1F /* HomeScreenTableViewCell.swift */,
			);
			path = View;
			sourceTree = "<group>";
		};
/* End PBXGroup section */

/* Begin PBXNativeTarget section */
		17A7323529F2D04800E2CD1F /* DebtList */ = {
			isa = PBXNativeTarget;
			buildConfigurationList = 17A7324A29F2D04900E2CD1F /* Build configuration list for PBXNativeTarget "DebtList" */;
			buildPhases = (
				17A7323229F2D04800E2CD1F /* Sources */,
				17A7323329F2D04800E2CD1F /* Frameworks */,
				17A7323429F2D04800E2CD1F /* Resources */,
			);
			buildRules = (
			);
			dependencies = (
			);
			name = DebtList;
			productName = DebtList;
			productReference = 17A7323629F2D04800E2CD1F /* DebtList.app */;
			productType = "com.apple.product-type.application";
		};
/* End PBXNativeTarget section */

/* Begin PBXProject section */
		17A7322E29F2D04800E2CD1F /* Project object */ = {
			isa = PBXProject;
			attributes = {
				BuildIndependentTargetsInParallel = 1;
				LastSwiftUpdateCheck = 1430;
				LastUpgradeCheck = 1430;
				TargetAttributes = {
					17A7323529F2D04800E2CD1F = {
						CreatedOnToolsVersion = 14.3;
					};
				};
			};
			buildConfigurationList = 17A7323129F2D04800E2CD1F /* Build configuration list for PBXProject "DebtList" */;
			compatibilityVersion = "Xcode 14.0";
			developmentRegion = en;
			hasScannedForEncodings = 0;
			knownRegions = (
				en,
				Base,
			);
			mainGroup = 17A7322D29F2D04800E2CD1F;
			productRefGroup = 17A7323729F2D04800E2CD1F /* Products */;
			projectDirPath = "";
			projectRoot = "";
			targets = (
				17A7323529F2D04800E2CD1F /* DebtList */,
			);
		};
/* End PBXProject section */

/* Begin PBXResourcesBuildPhase section */
		17A7323429F2D04800E2CD1F /* Resources */ = {
			isa = PBXResourcesBuildPhase;
			buildActionMask = 2147483647;
			files = (
				17A7324629F2D04900E2CD1F /* LaunchScreen.storyboard in Resources */,
				17A7324329F2D04900E2CD1F /* Assets.xcassets in Resources */,
				17A7324129F2D04800E2CD1F /* Main.storyboard in Resources */,
			);
			runOnlyForDeploymentPostprocessing = 0;
		};
/* End PBXResourcesBuildPhase section */

/* Begin PBXSourcesBuildPhase section */
		17A7323229F2D04800E2CD1F /* Sources */ = {
			isa = PBXSourcesBuildPhase;
			buildActionMask = 2147483647;
			files = (
				17A7325929F2E16500E2CD1F /* HomeScreenTableViewCell.swift in Sources */,
				17A7323A29F2D04800E2CD1F /* AppDelegate.swift in Sources */,
				17A7325629F2E01500E2CD1F /* Interest.swift in Sources */,
				17A7325D29F3210800E2CD1F /* AddEditCellTableViewController.swift in Sources */,
				17A7325029F2D54400E2CD1F /* Debtor.swift in Sources */,
				17A7323C29F2D04800E2CD1F /* SceneDelegate.swift in Sources */,
				17A7325B29F2E18600E2CD1F /* HomeScreenTableViewController.swift in Sources */,
			);
			runOnlyForDeploymentPostprocessing = 0;
		};
/* End PBXSourcesBuildPhase section */

/* Begin PBXVariantGroup section */
		17A7323F29F2D04800E2CD1F /* Main.storyboard */ = {
			isa = PBXVariantGroup;
			children = (
				17A7324029F2D04800E2CD1F /* Base */,
			);
			name = Main.storyboard;
			sourceTree = "<group>";
		};
		17A7324429F2D04900E2CD1F /* LaunchScreen.storyboard */ = {
			isa = PBXVariantGroup;
			children = (
				17A7324529F2D04900E2CD1F /* Base */,
			);
			name = LaunchScreen.storyboard;
			sourceTree = "<group>";
		};
/* End PBXVariantGroup section */

/* Begin XCBuildConfiguration section */
		17A7324829F2D04900E2CD1F /* Debug */ = {
			isa = XCBuildConfiguration;
			buildSettings = {
				ALWAYS_SEARCH_USER_PATHS = NO;
				CLANG_ANALYZER_NONNULL = YES;
				CLANG_ANALYZER_NUMBER_OBJECT_CONVERSION = YES_AGGRESSIVE;
				CLANG_CXX_LANGUAGE_STANDARD = "gnu++20";
				CLANG_ENABLE_MODULES = YES;
				CLANG_ENABLE_OBJC_ARC = YES;
				CLANG_ENABLE_OBJC_WEAK = YES;
				CLANG_WARN_BLOCK_CAPTURE_AUTORELEASING = YES;
				CLANG_WARN_BOOL_CONVERSION = YES;
				CLANG_WARN_COMMA = YES;
				CLANG_WARN_CONSTANT_CONVERSION = YES;
				CLANG_WARN_DEPRECATED_OBJC_IMPLEMENTATIONS = YES;
				CLANG_WARN_DIRECT_OBJC_ISA_USAGE = YES_ERROR;
				CLANG_WARN_DOCUMENTATION_COMMENTS = YES;
				CLANG_WARN_EMPTY_BODY = YES;
				CLANG_WARN_ENUM_CONVERSION = YES;
				CLANG_WARN_INFINITE_RECURSION = YES;
				CLANG_WARN_INT_CONVERSION = YES;
				CLANG_WARN_NON_LITERAL_NULL_CONVERSION = YES;
				CLANG_WARN_OBJC_IMPLICIT_RETAIN_SELF = YES;
				CLANG_WARN_OBJC_LITERAL_CONVERSION = YES;
				CLANG_WARN_OBJC_ROOT_CLASS = YES_ERROR;
				CLANG_WARN_QUOTED_INCLUDE_IN_FRAMEWORK_HEADER = YES;
				CLANG_WARN_RANGE_LOOP_ANALYSIS = YES;
				CLANG_WARN_STRICT_PROTOTYPES = YES;
				CLANG_WARN_SUSPICIOUS_MOVE = YES;
				CLANG_WARN_UNGUARDED_AVAILABILITY = YES_AGGRESSIVE;
				CLANG_WARN_UNREACHABLE_CODE = YES;
				CLANG_WARN__DUPLICATE_METHOD_MATCH = YES;
				COPY_PHASE_STRIP = NO;
				DEBUG_INFORMATION_FORMAT = dwarf;
				ENABLE_STRICT_OBJC_MSGSEND = YES;
				ENABLE_TESTABILITY = YES;
				GCC_C_LANGUAGE_STANDARD = gnu11;
				GCC_DYNAMIC_NO_PIC = NO;
				GCC_NO_COMMON_BLOCKS = YES;
				GCC_OPTIMIZATION_LEVEL = 0;
				GCC_PREPROCESSOR_DEFINITIONS = (
					"DEBUG=1",
					"$(inherited)",
				);
				GCC_WARN_64_TO_32_BIT_CONVERSION = YES;
				GCC_WARN_ABOUT_RETURN_TYPE = YES_ERROR;
				GCC_WARN_UNDECLARED_SELECTOR = YES;
				GCC_WARN_UNINITIALIZED_AUTOS = YES_AGGRESSIVE;
				GCC_WARN_UNUSED_FUNCTION = YES;
				GCC_WARN_UNUSED_VARIABLE = YES;
				IPHONEOS_DEPLOYMENT_TARGET = 16.4;
				MTL_ENABLE_DEBUG_INFO = INCLUDE_SOURCE;
				MTL_FAST_MATH = YES;
				ONLY_ACTIVE_ARCH = YES;
				SDKROOT = iphoneos;
				SWIFT_ACTIVE_COMPILATION_CONDITIONS = DEBUG;
				SWIFT_OPTIMIZATION_LEVEL = "-Onone";
			};
			name = Debug;
		};
		17A7324929F2D04900E2CD1F /* Release */ = {
			isa = XCBuildConfiguration;
			buildSettings = {
				ALWAYS_SEARCH_USER_PATHS = NO;
				CLANG_ANALYZER_NONNULL = YES;
				CLANG_ANALYZER_NUMBER_OBJECT_CONVERSION = YES_AGGRESSIVE;
				CLANG_CXX_LANGUAGE_STANDARD = "gnu++20";
				CLANG_ENABLE_MODULES = YES;
				CLANG_ENABLE_OBJC_ARC = YES;
				CLANG_ENABLE_OBJC_WEAK = YES;
				CLANG_WARN_BLOCK_CAPTURE_AUTORELEASING = YES;
				CLANG_WARN_BOOL_CONVERSION = YES;
				CLANG_WARN_COMMA = YES;
				CLANG_WARN_CONSTANT_CONVERSION = YES;
				CLANG_WARN_DEPRECATED_OBJC_IMPLEMENTATIONS = YES;
				CLANG_WARN_DIRECT_OBJC_ISA_USAGE = YES_ERROR;
				CLANG_WARN_DOCUMENTATION_COMMENTS = YES;
				CLANG_WARN_EMPTY_BODY = YES;
				CLANG_WARN_ENUM_CONVERSION = YES;
				CLANG_WARN_INFINITE_RECURSION = YES;
				CLANG_WARN_INT_CONVERSION = YES;
				CLANG_WARN_NON_LITERAL_NULL_CONVERSION = YES;
				CLANG_WARN_OBJC_IMPLICIT_RETAIN_SELF = YES;
				CLANG_WARN_OBJC_LITERAL_CONVERSION = YES;
				CLANG_WARN_OBJC_ROOT_CLASS = YES_ERROR;
				CLANG_WARN_QUOTED_INCLUDE_IN_FRAMEWORK_HEADER = YES;
				CLANG_WARN_RANGE_LOOP_ANALYSIS = YES;
				CLANG_WARN_STRICT_PROTOTYPES = YES;
				CLANG_WARN_SUSPICIOUS_MOVE = YES;
				CLANG_WARN_UNGUARDED_AVAILABILITY = YES_AGGRESSIVE;
				CLANG_WARN_UNREACHABLE_CODE = YES;
				CLANG_WARN__DUPLICATE_METHOD_MATCH = YES;
				COPY_PHASE_STRIP = NO;
				DEBUG_INFORMATION_FORMAT = "dwarf-with-dsym";
				ENABLE_NS_ASSERTIONS = NO;
				ENABLE_STRICT_OBJC_MSGSEND = YES;
				GCC_C_LANGUAGE_STANDARD = gnu11;
				GCC_NO_COMMON_BLOCKS = YES;
				GCC_WARN_64_TO_32_BIT_CONVERSION = YES;
				GCC_WARN_ABOUT_RETURN_TYPE = YES_ERROR;
				GCC_WARN_UNDECLARED_SELECTOR = YES;
				GCC_WARN_UNINITIALIZED_AUTOS = YES_AGGRESSIVE;
				GCC_WARN_UNUSED_FUNCTION = YES;
				GCC_WARN_UNUSED_VARIABLE = YES;
				IPHONEOS_DEPLOYMENT_TARGET = 16.4;
				MTL_ENABLE_DEBUG_INFO = NO;
				MTL_FAST_MATH = YES;
				SDKROOT = iphoneos;
				SWIFT_COMPILATION_MODE = wholemodule;
				SWIFT_OPTIMIZATION_LEVEL = "-O";
				VALIDATE_PRODUCT = YES;
			};
			name = Release;
		};
		17A7324B29F2D04900E2CD1F /* Debug */ = {
			isa = XCBuildConfiguration;
			buildSettings = {
				ASSETCATALOG_COMPILER_APPICON_NAME = AppIcon;
				ASSETCATALOG_COMPILER_GLOBAL_ACCENT_COLOR_NAME = AccentColor;
				CODE_SIGN_STYLE = Automatic;
				CURRENT_PROJECT_VERSION = 1;
				DEVELOPMENT_TEAM = 6769YUX4MR;
				GENERATE_INFOPLIST_FILE = YES;
				INFOPLIST_FILE = DebtList/Info.plist;
				INFOPLIST_KEY_UIApplicationSupportsIndirectInputEvents = YES;
				INFOPLIST_KEY_UILaunchStoryboardName = LaunchScreen;
				INFOPLIST_KEY_UIMainStoryboardFile = Main;
				INFOPLIST_KEY_UISupportedInterfaceOrientations_iPad = "UIInterfaceOrientationPortrait UIInterfaceOrientationPortraitUpsideDown UIInterfaceOrientationLandscapeLeft UIInterfaceOrientationLandscapeRight";
				INFOPLIST_KEY_UISupportedInterfaceOrientations_iPhone = "UIInterfaceOrientationPortrait UIInterfaceOrientationLandscapeLeft UIInterfaceOrientationLandscapeRight";
				LD_RUNPATH_SEARCH_PATHS = (
					"$(inherited)",
					"@executable_path/Frameworks",
				);
				MARKETING_VERSION = 1.0;
				PRODUCT_BUNDLE_IDENTIFIER = com.ivan.DebtList;
				PRODUCT_NAME = "$(TARGET_NAME)";
				SWIFT_EMIT_LOC_STRINGS = YES;
				SWIFT_VERSION = 5.0;
				TARGETED_DEVICE_FAMILY = "1,2";
			};
			name = Debug;
		};
		17A7324C29F2D04900E2CD1F /* Release */ = {
			isa = XCBuildConfiguration;
			buildSettings = {
				ASSETCATALOG_COMPILER_APPICON_NAME = AppIcon;
				ASSETCATALOG_COMPILER_GLOBAL_ACCENT_COLOR_NAME = AccentColor;
				CODE_SIGN_STYLE = Automatic;
				CURRENT_PROJECT_VERSION = 1;
				DEVELOPMENT_TEAM = 6769YUX4MR;
				GENERATE_INFOPLIST_FILE = YES;
				INFOPLIST_FILE = DebtList/Info.plist;
				INFOPLIST_KEY_UIApplicationSupportsIndirectInputEvents = YES;
				INFOPLIST_KEY_UILaunchStoryboardName = LaunchScreen;
				INFOPLIST_KEY_UIMainStoryboardFile = Main;
				INFOPLIST_KEY_UISupportedInterfaceOrientations_iPad = "UIInterfaceOrientationPortrait UIInterfaceOrientationPortraitUpsideDown UIInterfaceOrientationLandscapeLeft UIInterfaceOrientationLandscapeRight";
				INFOPLIST_KEY_UISupportedInterfaceOrientations_iPhone = "UIInterfaceOrientationPortrait UIInterfaceOrientationLandscapeLeft UIInterfaceOrientationLandscapeRight";
				LD_RUNPATH_SEARCH_PATHS = (
					"$(inherited)",
					"@executable_path/Frameworks",
				);
				MARKETING_VERSION = 1.0;
				PRODUCT_BUNDLE_IDENTIFIER = com.ivan.DebtList;
				PRODUCT_NAME = "$(TARGET_NAME)";
				SWIFT_EMIT_LOC_STRINGS = YES;
				SWIFT_VERSION = 5.0;
				TARGETED_DEVICE_FAMILY = "1,2";
			};
			name = Release;
		};
/* End XCBuildConfiguration section */

/* Begin XCConfigurationList section */
		17A7323129F2D04800E2CD1F /* Build configuration list for PBXProject "DebtList" */ = {
			isa = XCConfigurationList;
			buildConfigurations = (
				17A7324829F2D04900E2CD1F /* Debug */,
				17A7324929F2D04900E2CD1F /* Release */,
			);
			defaultConfigurationIsVisible = 0;
			defaultConfigurationName = Release;
		};
		17A7324A29F2D04900E2CD1F /* Build configuration list for PBXNativeTarget "DebtList" */ = {
			isa = XCConfigurationList;
			buildConfigurations = (
				17A7324B29F2D04900E2CD1F /* Debug */,
				17A7324C29F2D04900E2CD1F /* Release */,
			);
			defaultConfigurationIsVisible = 0;
			defaultConfigurationName = Release;
		};
/* End XCConfigurationList section */
	};
	rootObject = 17A7322E29F2D04800E2CD1F /* Project object */;
}
